// !$*UTF8*$!
{
	archiveVersion = 1;
	classes = {
	};
	objectVersion = 51;
	objects = {

/* Begin PBXBuildFile section */
		13FF60FBFC9293981C4F8B29 /* Pods_MyCalendar.framework in Frameworks */ = {isa = PBXBuildFile; fileRef = 4D0D155657D923595BAA6994 /* Pods_MyCalendar.framework */; };
		9B4EA8A5240DC26400C97FD9 /* AppDelegate.swift in Sources */ = {isa = PBXBuildFile; fileRef = 9B4EA8A4240DC26400C97FD9 /* AppDelegate.swift */; };
		9B4EA8A7240DC26400C97FD9 /* SceneDelegate.swift in Sources */ = {isa = PBXBuildFile; fileRef = 9B4EA8A6240DC26400C97FD9 /* SceneDelegate.swift */; };
		9B4EA8A9240DC26400C97FD9 /* ViewController.swift in Sources */ = {isa = PBXBuildFile; fileRef = 9B4EA8A8240DC26400C97FD9 /* ViewController.swift */; };
		9B4EA8AC240DC26400C97FD9 /* Main.storyboard in Resources */ = {isa = PBXBuildFile; fileRef = 9B4EA8AA240DC26400C97FD9 /* Main.storyboard */; };
		9B4EA8AE240DC26700C97FD9 /* Assets.xcassets in Resources */ = {isa = PBXBuildFile; fileRef = 9B4EA8AD240DC26700C97FD9 /* Assets.xcassets */; };
		9B4EA8B1240DC26700C97FD9 /* LaunchScreen.storyboard in Resources */ = {isa = PBXBuildFile; fileRef = 9B4EA8AF240DC26700C97FD9 /* LaunchScreen.storyboard */; };
		9B4ED2F7240F0111001DC8B0 /* AddViewController.swift in Sources */ = {isa = PBXBuildFile; fileRef = 9B4ED2F6240F0111001DC8B0 /* AddViewController.swift */; };
		9B52D8492427AE0900371A9F /* TableViewController.swift in Sources */ = {isa = PBXBuildFile; fileRef = 9B52D8482427AE0900371A9F /* TableViewController.swift */; };
		9B52D84B2429634A00371A9F /* DemoTableViewController.swift in Sources */ = {isa = PBXBuildFile; fileRef = 9B52D84A2429634A00371A9F /* DemoTableViewController.swift */; };
/* End PBXBuildFile section */

/* Begin PBXFileReference section */
		4B7B98211A15CCB4D16496EC /* Pods-MyCalendar.debug.xcconfig */ = {isa = PBXFileReference; includeInIndex = 1; lastKnownFileType = text.xcconfig; name = "Pods-MyCalendar.debug.xcconfig"; path = "Target Support Files/Pods-MyCalendar/Pods-MyCalendar.debug.xcconfig"; sourceTree = "<group>"; };
		4D0D155657D923595BAA6994 /* Pods_MyCalendar.framework */ = {isa = PBXFileReference; explicitFileType = wrapper.framework; includeInIndex = 0; path = Pods_MyCalendar.framework; sourceTree = BUILT_PRODUCTS_DIR; };
		9B4EA8A1240DC26400C97FD9 /* MyCalendar.app */ = {isa = PBXFileReference; explicitFileType = wrapper.application; includeInIndex = 0; path = MyCalendar.app; sourceTree = BUILT_PRODUCTS_DIR; };
		9B4EA8A4240DC26400C97FD9 /* AppDelegate.swift */ = {isa = PBXFileReference; lastKnownFileType = sourcecode.swift; path = AppDelegate.swift; sourceTree = "<group>"; };
		9B4EA8A6240DC26400C97FD9 /* SceneDelegate.swift */ = {isa = PBXFileReference; lastKnownFileType = sourcecode.swift; path = SceneDelegate.swift; sourceTree = "<group>"; };
		9B4EA8A8240DC26400C97FD9 /* ViewController.swift */ = {isa = PBXFileReference; lastKnownFileType = sourcecode.swift; path = ViewController.swift; sourceTree = "<group>"; };
		9B4EA8AB240DC26400C97FD9 /* Base */ = {isa = PBXFileReference; lastKnownFileType = file.storyboard; name = Base; path = Base.lproj/Main.storyboard; sourceTree = "<group>"; };
		9B4EA8AD240DC26700C97FD9 /* Assets.xcassets */ = {isa = PBXFileReference; lastKnownFileType = folder.assetcatalog; path = Assets.xcassets; sourceTree = "<group>"; };
		9B4EA8B0240DC26700C97FD9 /* Base */ = {isa = PBXFileReference; lastKnownFileType = file.storyboard; name = Base; path = Base.lproj/LaunchScreen.storyboard; sourceTree = "<group>"; };
		9B4EA8B2240DC26700C97FD9 /* Info.plist */ = {isa = PBXFileReference; lastKnownFileType = text.plist.xml; path = Info.plist; sourceTree = "<group>"; };
		9B4ED2F6240F0111001DC8B0 /* AddViewController.swift */ = {isa = PBXFileReference; lastKnownFileType = sourcecode.swift; path = AddViewController.swift; sourceTree = "<group>"; };
		9B52D8482427AE0900371A9F /* TableViewController.swift */ = {isa = PBXFileReference; lastKnownFileType = sourcecode.swift; path = TableViewController.swift; sourceTree = "<group>"; };
		9B52D84A2429634A00371A9F /* DemoTableViewController.swift */ = {isa = PBXFileReference; lastKnownFileType = sourcecode.swift; path = DemoTableViewController.swift; sourceTree = "<group>"; };
		EDF5A4ECCF03D449B072F4CD /* Pods-MyCalendar.release.xcconfig */ = {isa = PBXFileReference; includeInIndex = 1; lastKnownFileType = text.xcconfig; name = "Pods-MyCalendar.release.xcconfig"; path = "Target Support Files/Pods-MyCalendar/Pods-MyCalendar.release.xcconfig"; sourceTree = "<group>"; };
/* End PBXFileReference section */

/* Begin PBXFrameworksBuildPhase section */
		9B4EA89E240DC26400C97FD9 /* Frameworks */ = {
			isa = PBXFrameworksBuildPhase;
			buildActionMask = 2147483647;
			files = (
				13FF60FBFC9293981C4F8B29 /* Pods_MyCalendar.framework in Frameworks */,
			);
			runOnlyForDeploymentPostprocessing = 0;
		};
/* End PBXFrameworksBuildPhase section */

/* Begin PBXGroup section */
		27C9F52C1B020BE61420E3EF /* Frameworks */ = {
			isa = PBXGroup;
			children = (
				4D0D155657D923595BAA6994 /* Pods_MyCalendar.framework */,
			);
			name = Frameworks;
			sourceTree = "<group>";
		};
		936C797A0A4D92A4E300F553 /* Pods */ = {
			isa = PBXGroup;
			children = (
				4B7B98211A15CCB4D16496EC /* Pods-MyCalendar.debug.xcconfig */,
				EDF5A4ECCF03D449B072F4CD /* Pods-MyCalendar.release.xcconfig */,
			);
			path = Pods;
			sourceTree = "<group>";
		};
		9B4EA898240DC26400C97FD9 = {
			isa = PBXGroup;
			children = (
				9B4EA8A3240DC26400C97FD9 /* MyCalendar */,
				9B4EA8A2240DC26400C97FD9 /* Products */,
				936C797A0A4D92A4E300F553 /* Pods */,
				27C9F52C1B020BE61420E3EF /* Frameworks */,
			);
			sourceTree = "<group>";
		};
		9B4EA8A2240DC26400C97FD9 /* Products */ = {
			isa = PBXGroup;
			children = (
				9B4EA8A1240DC26400C97FD9 /* MyCalendar.app */,
			);
			name = Products;
			sourceTree = "<group>";
		};
		9B4EA8A3240DC26400C97FD9 /* MyCalendar */ = {
			isa = PBXGroup;
			children = (
				9B4EA8A4240DC26400C97FD9 /* AppDelegate.swift */,
				9B4EA8A6240DC26400C97FD9 /* SceneDelegate.swift */,
				9B4EA8A8240DC26400C97FD9 /* ViewController.swift */,
				9B4ED2F6240F0111001DC8B0 /* AddViewController.swift */,
				9B52D8482427AE0900371A9F /* TableViewController.swift */,
				9B52D84A2429634A00371A9F /* DemoTableViewController.swift */,
				9B4EA8AA240DC26400C97FD9 /* Main.storyboard */,
				9B4EA8AD240DC26700C97FD9 /* Assets.xcassets */,
				9B4EA8AF240DC26700C97FD9 /* LaunchScreen.storyboard */,
				9B4EA8B2240DC26700C97FD9 /* Info.plist */,
			);
			path = MyCalendar;
			sourceTree = "<group>";
		};
/* End PBXGroup section */

/* Begin PBXNativeTarget section */
		9B4EA8A0240DC26400C97FD9 /* MyCalendar */ = {
			isa = PBXNativeTarget;
			buildConfigurationList = 9B4EA8B5240DC26700C97FD9 /* Build configuration list for PBXNativeTarget "MyCalendar" */;
			buildPhases = (
				6AC07C9AF285D4295620F601 /* [CP] Check Pods Manifest.lock */,
				9B4EA89D240DC26400C97FD9 /* Sources */,
				9B4EA89E240DC26400C97FD9 /* Frameworks */,
				9B4EA89F240DC26400C97FD9 /* Resources */,
				A95C94528DC10B6CFA5D7C71 /* [CP] Embed Pods Frameworks */,
			);
			buildRules = (
			);
			dependencies = (
			);
			name = MyCalendar;
			productName = MyCalendar;
			productReference = 9B4EA8A1240DC26400C97FD9 /* MyCalendar.app */;
			productType = "com.apple.product-type.application";
		};
/* End PBXNativeTarget section */

/* Begin PBXProject section */
		9B4EA899240DC26400C97FD9 /* Project object */ = {
			isa = PBXProject;
			attributes = {
				LastSwiftUpdateCheck = 1130;
				LastUpgradeCheck = 1130;
				ORGANIZATIONNAME = MySwift;
				TargetAttributes = {
					9B4EA8A0240DC26400C97FD9 = {
						CreatedOnToolsVersion = 11.3.1;
					};
				};
			};
			buildConfigurationList = 9B4EA89C240DC26400C97FD9 /* Build configuration list for PBXProject "MyCalendar" */;
			compatibilityVersion = "Xcode 9.3";
			developmentRegion = en;
			hasScannedForEncodings = 0;
			knownRegions = (
				en,
				Base,
			);
			mainGroup = 9B4EA898240DC26400C97FD9;
			productRefGroup = 9B4EA8A2240DC26400C97FD9 /* Products */;
			projectDirPath = "";
			projectRoot = "";
			targets = (
				9B4EA8A0240DC26400C97FD9 /* MyCalendar */,
			);
		};
/* End PBXProject section */

/* Begin PBXResourcesBuildPhase section */
		9B4EA89F240DC26400C97FD9 /* Resources */ = {
			isa = PBXResourcesBuildPhase;
			buildActionMask = 2147483647;
			files = (
				9B4EA8B1240DC26700C97FD9 /* LaunchScreen.storyboard in Resources */,
				9B4EA8AE240DC26700C97FD9 /* Assets.xcassets in Resources */,
				9B4EA8AC240DC26400C97FD9 /* Main.storyboard in Resources */,
			);
			runOnlyForDeploymentPostprocessing = 0;
		};
/* End PBXResourcesBuildPhase section */

/* Begin PBXShellScriptBuildPhase section */
		6AC07C9AF285D4295620F601 /* [CP] Check Pods Manifest.lock */ = {
			isa = PBXShellScriptBuildPhase;
			buildActionMask = 2147483647;
			files = (
			);
			inputFileListPaths = (
			);
			inputPaths = (
				"${PODS_PODFILE_DIR_PATH}/Podfile.lock",
				"${PODS_ROOT}/Manifest.lock",
			);
			name = "[CP] Check Pods Manifest.lock";
			outputFileListPaths = (
			);
			outputPaths = (
				"$(DERIVED_FILE_DIR)/Pods-MyCalendar-checkManifestLockResult.txt",
			);
			runOnlyForDeploymentPostprocessing = 0;
			shellPath = /bin/sh;
			shellScript = "diff \"${PODS_PODFILE_DIR_PATH}/Podfile.lock\" \"${PODS_ROOT}/Manifest.lock\" > /dev/null\nif [ $? != 0 ] ; then\n    # print error to STDERR\n    echo \"error: The sandbox is not in sync with the Podfile.lock. Run 'pod install' or update your CocoaPods installation.\" >&2\n    exit 1\nfi\n# This output is used by Xcode 'outputs' to avoid re-running this script phase.\necho \"SUCCESS\" > \"${SCRIPT_OUTPUT_FILE_0}\"\n";
			showEnvVarsInLog = 0;
		};
		A95C94528DC10B6CFA5D7C71 /* [CP] Embed Pods Frameworks */ = {
			isa = PBXShellScriptBuildPhase;
			buildActionMask = 2147483647;
			files = (
			);
			inputFileListPaths = (
				"${PODS_ROOT}/Target Support Files/Pods-MyCalendar/Pods-MyCalendar-frameworks-${CONFIGURATION}-input-files.xcfilelist",
			);
			name = "[CP] Embed Pods Frameworks";
			outputFileListPaths = (
				"${PODS_ROOT}/Target Support Files/Pods-MyCalendar/Pods-MyCalendar-frameworks-${CONFIGURATION}-output-files.xcfilelist",
			);
			runOnlyForDeploymentPostprocessing = 0;
			shellPath = /bin/sh;
			shellScript = "\"${PODS_ROOT}/Target Support Files/Pods-MyCalendar/Pods-MyCalendar-frameworks.sh\"\n";
			showEnvVarsInLog = 0;
		};
/* End PBXShellScriptBuildPhase section */

/* Begin PBXSourcesBuildPhase section */
		9B4EA89D240DC26400C97FD9 /* Sources */ = {
			isa = PBXSourcesBuildPhase;
			buildActionMask = 2147483647;
			files = (
				9B4EA8A9240DC26400C97FD9 /* ViewController.swift in Sources */,
				9B4EA8A5240DC26400C97FD9 /* AppDelegate.swift in Sources */,
				9B52D84B2429634A00371A9F /* DemoTableViewController.swift in Sources */,
				9B4ED2F7240F0111001DC8B0 /* AddViewController.swift in Sources */,
				9B52D8492427AE0900371A9F /* TableViewController.swift in Sources */,
				9B4EA8A7240DC26400C97FD9 /* SceneDelegate.swift in Sources */,
			);
			runOnlyForDeploymentPostprocessing = 0;
		};
/* End PBXSourcesBuildPhase section */

/* Begin PBXVariantGroup section */
		9B4EA8AA240DC26400C97FD9 /* Main.storyboard */ = {
			isa = PBXVariantGroup;
			children = (
				9B4EA8AB240DC26400C97FD9 /* Base */,
			);
			name = Main.storyboard;
			sourceTree = "<group>";
		};
		9B4EA8AF240DC26700C97FD9 /* LaunchScreen.storyboard */ = {
			isa = PBXVariantGroup;
			children = (
				9B4EA8B0240DC26700C97FD9 /* Base */,
			);
			name = LaunchScreen.storyboard;
			sourceTree = "<group>";
		};
/* End PBXVariantGroup section */

/* Begin XCBuildConfiguration section */
		9B4EA8B3240DC26700C97FD9 /* Debug */ = {
			isa = XCBuildConfiguration;
			buildSettings = {
				ALWAYS_SEARCH_USER_PATHS = NO;
				CLANG_ANALYZER_NONNULL = YES;
				CLANG_ANALYZER_NUMBER_OBJECT_CONVERSION = YES_AGGRESSIVE;
				CLANG_CXX_LANGUAGE_STANDARD = "gnu++14";
				CLANG_CXX_LIBRARY = "libc++";
				CLANG_ENABLE_MODULES = YES;
				CLANG_ENABLE_OBJC_ARC = YES;
				CLANG_ENABLE_OBJC_WEAK = YES;
				CLANG_WARN_BLOCK_CAPTURE_AUTORELEASING = YES;
				CLANG_WARN_BOOL_CONVERSION = YES;
				CLANG_WARN_COMMA = YES;
				CLANG_WARN_CONSTANT_CONVERSION = YES;
				CLANG_WARN_DEPRECATED_OBJC_IMPLEMENTATIONS = YES;
				CLANG_WARN_DIRECT_OBJC_ISA_USAGE = YES_ERROR;
				CLANG_WARN_DOCUMENTATION_COMMENTS = YES;
				CLANG_WARN_EMPTY_BODY = YES;
				CLANG_WARN_ENUM_CONVERSION = YES;
				CLANG_WARN_INFINITE_RECURSION = YES;
				CLANG_WARN_INT_CONVERSION = YES;
				CLANG_WARN_NON_LITERAL_NULL_CONVERSION = YES;
				CLANG_WARN_OBJC_IMPLICIT_RETAIN_SELF = YES;
				CLANG_WARN_OBJC_LITERAL_CONVERSION = YES;
				CLANG_WARN_OBJC_ROOT_CLASS = YES_ERROR;
				CLANG_WARN_RANGE_LOOP_ANALYSIS = YES;
				CLANG_WARN_STRICT_PROTOTYPES = YES;
				CLANG_WARN_SUSPICIOUS_MOVE = YES;
				CLANG_WARN_UNGUARDED_AVAILABILITY = YES_AGGRESSIVE;
				CLANG_WARN_UNREACHABLE_CODE = YES;
				CLANG_WARN__DUPLICATE_METHOD_MATCH = YES;
				COPY_PHASE_STRIP = NO;
				DEBUG_INFORMATION_FORMAT = dwarf;
				ENABLE_STRICT_OBJC_MSGSEND = YES;
				ENABLE_TESTABILITY = YES;
				GCC_C_LANGUAGE_STANDARD = gnu11;
				GCC_DYNAMIC_NO_PIC = NO;
				GCC_NO_COMMON_BLOCKS = YES;
				GCC_OPTIMIZATION_LEVEL = 0;
				GCC_PREPROCESSOR_DEFINITIONS = (
					"DEBUG=1",
					"$(inherited)",
				);
				GCC_WARN_64_TO_32_BIT_CONVERSION = YES;
				GCC_WARN_ABOUT_RETURN_TYPE = YES_ERROR;
				GCC_WARN_UNDECLARED_SELECTOR = YES;
				GCC_WARN_UNINITIALIZED_AUTOS = YES_AGGRESSIVE;
				GCC_WARN_UNUSED_FUNCTION = YES;
				GCC_WARN_UNUSED_VARIABLE = YES;
				IPHONEOS_DEPLOYMENT_TARGET = 13.2;
				MTL_ENABLE_DEBUG_INFO = INCLUDE_SOURCE;
				MTL_FAST_MATH = YES;
				ONLY_ACTIVE_ARCH = YES;
				SDKROOT = iphoneos;
				SWIFT_ACTIVE_COMPILATION_CONDITIONS = DEBUG;
				SWIFT_OPTIMIZATION_LEVEL = "-Onone";
			};
			name = Debug;
		};
		9B4EA8B4240DC26700C97FD9 /* Release */ = {
			isa = XCBuildConfiguration;
			buildSettings = {
				ALWAYS_SEARCH_USER_PATHS = NO;
				CLANG_ANALYZER_NONNULL = YES;
				CLANG_ANALYZER_NUMBER_OBJECT_CONVERSION = YES_AGGRESSIVE;
				CLANG_CXX_LANGUAGE_STANDARD = "gnu++14";
				CLANG_CXX_LIBRARY = "libc++";
				CLANG_ENABLE_MODULES = YES;
				CLANG_ENABLE_OBJC_ARC = YES;
				CLANG_ENABLE_OBJC_WEAK = YES;
				CLANG_WARN_BLOCK_CAPTURE_AUTORELEASING = YES;
				CLANG_WARN_BOOL_CONVERSION = YES;
				CLANG_WARN_COMMA = YES;
				CLANG_WARN_CONSTANT_CONVERSION = YES;
				CLANG_WARN_DEPRECATED_OBJC_IMPLEMENTATIONS = YES;
				CLANG_WARN_DIRECT_OBJC_ISA_USAGE = YES_ERROR;
				CLANG_WARN_DOCUMENTATION_COMMENTS = YES;
				CLANG_WARN_EMPTY_BODY = YES;
				CLANG_WARN_ENUM_CONVERSION = YES;
				CLANG_WARN_INFINITE_RECURSION = YES;
				CLANG_WARN_INT_CONVERSION = YES;
				CLANG_WARN_NON_LITERAL_NULL_CONVERSION = YES;
				CLANG_WARN_OBJC_IMPLICIT_RETAIN_SELF = YES;
				CLANG_WARN_OBJC_LITERAL_CONVERSION = YES;
				CLANG_WARN_OBJC_ROOT_CLASS = YES_ERROR;
				CLANG_WARN_RANGE_LOOP_ANALYSIS = YES;
				CLANG_WARN_STRICT_PROTOTYPES = YES;
				CLANG_WARN_SUSPICIOUS_MOVE = YES;
				CLANG_WARN_UNGUARDED_AVAILABILITY = YES_AGGRESSIVE;
				CLANG_WARN_UNREACHABLE_CODE = YES;
				CLANG_WARN__DUPLICATE_METHOD_MATCH = YES;
				COPY_PHASE_STRIP = NO;
				DEBUG_INFORMATION_FORMAT = "dwarf-with-dsym";
				ENABLE_NS_ASSERTIONS = NO;
				ENABLE_STRICT_OBJC_MSGSEND = YES;
				GCC_C_LANGUAGE_STANDARD = gnu11;
				GCC_NO_COMMON_BLOCKS = YES;
				GCC_WARN_64_TO_32_BIT_CONVERSION = YES;
				GCC_WARN_ABOUT_RETURN_TYPE = YES_ERROR;
				GCC_WARN_UNDECLARED_SELECTOR = YES;
				GCC_WARN_UNINITIALIZED_AUTOS = YES_AGGRESSIVE;
				GCC_WARN_UNUSED_FUNCTION = YES;
				GCC_WARN_UNUSED_VARIABLE = YES;
				IPHONEOS_DEPLOYMENT_TARGET = 13.2;
				MTL_ENABLE_DEBUG_INFO = NO;
				MTL_FAST_MATH = YES;
				SDKROOT = iphoneos;
				SWIFT_COMPILATION_MODE = wholemodule;
				SWIFT_OPTIMIZATION_LEVEL = "-O";
				VALIDATE_PRODUCT = YES;
			};
			name = Release;
		};
		9B4EA8B6240DC26700C97FD9 /* Debug */ = {
			isa = XCBuildConfiguration;
			baseConfigurationReference = 4B7B98211A15CCB4D16496EC /* Pods-MyCalendar.debug.xcconfig */;
			buildSettings = {
				ASSETCATALOG_COMPILER_APPICON_NAME = AppIcon;
				CODE_SIGN_STYLE = Automatic;
				DEVELOPMENT_TEAM = S93A4URV76;
				INFOPLIST_FILE = MyCalendar/Info.plist;
				LD_RUNPATH_SEARCH_PATHS = (
					"$(inherited)",
					"@executable_path/Frameworks",
				);
				PRODUCT_BUNDLE_IDENTIFIER = com.sasuraiblog.MyCalendar;
				PRODUCT_NAME = "$(TARGET_NAME)";
				SWIFT_VERSION = 5.0;
				TARGETED_DEVICE_FAMILY = "1,2";
			};
			name = Debug;
		};
		9B4EA8B7240DC26700C97FD9 /* Release */ = {
			isa = XCBuildConfiguration;
			baseConfigurationReference = EDF5A4ECCF03D449B072F4CD /* Pods-MyCalendar.release.xcconfig */;
			buildSettings = {
				ASSETCATALOG_COMPILER_APPICON_NAME = AppIcon;
				CODE_SIGN_STYLE = Automatic;
				DEVELOPMENT_TEAM = S93A4URV76;
				INFOPLIST_FILE = MyCalendar/Info.plist;
				LD_RUNPATH_SEARCH_PATHS = (
					"$(inherited)",
					"@executable_path/Frameworks",
				);
				PRODUCT_BUNDLE_IDENTIFIER = com.sasuraiblog.MyCalendar;
				PRODUCT_NAME = "$(TARGET_NAME)";
				SWIFT_VERSION = 5.0;
				TARGETED_DEVICE_FAMILY = "1,2";
			};
			name = Release;
		};
/* End XCBuildConfiguration section */

/* Begin XCConfigurationList section */
		9B4EA89C240DC26400C97FD9 /* Build configuration list for PBXProject "MyCalendar" */ = {
			isa = XCConfigurationList;
			buildConfigurations = (
				9B4EA8B3240DC26700C97FD9 /* Debug */,
				9B4EA8B4240DC26700C97FD9 /* Release */,
			);
			defaultConfigurationIsVisible = 0;
			defaultConfigurationName = Release;
		};
		9B4EA8B5240DC26700C97FD9 /* Build configuration list for PBXNativeTarget "MyCalendar" */ = {
			isa = XCConfigurationList;
			buildConfigurations = (
				9B4EA8B6240DC26700C97FD9 /* Debug */,
				9B4EA8B7240DC26700C97FD9 /* Release */,
			);
			defaultConfigurationIsVisible = 0;
			defaultConfigurationName = Release;
		};
/* End XCConfigurationList section */
	};
	rootObject = 9B4EA899240DC26400C97FD9 /* Project object */;
}
